// !$*UTF8*$!
{
	archiveVersion = 1;
	classes = {
	};
	objectVersion = 50;
	objects = {

/* Begin PBXBuildFile section */
		FC36780423DF913900F80979 /* Follower.swift in Sources */ = {isa = PBXBuildFile; fileRef = FC36780323DF913900F80979 /* Follower.swift */; };
		FC36780623DF920000F80979 /* User.swift in Sources */ = {isa = PBXBuildFile; fileRef = FC36780523DF920000F80979 /* User.swift */; };
		FC36780923DFB74900F80979 /* NetworkManager.swift in Sources */ = {isa = PBXBuildFile; fileRef = FC36780823DFB74900F80979 /* NetworkManager.swift */; };
		FC40486523D62E7700482F8D /* GFButton.swift in Sources */ = {isa = PBXBuildFile; fileRef = FC40486423D62E7700482F8D /* GFButton.swift */; };
		FC40486723D631C900482F8D /* GFTextField.swift in Sources */ = {isa = PBXBuildFile; fileRef = FC40486623D631C900482F8D /* GFTextField.swift */; };
		FC40486923D6865000482F8D /* FollowerListVC.swift in Sources */ = {isa = PBXBuildFile; fileRef = FC40486823D6865000482F8D /* FollowerListVC.swift */; };
		FC40486B23D78D1E00482F8D /* GFTitleLabel.swift in Sources */ = {isa = PBXBuildFile; fileRef = FC40486A23D78D1E00482F8D /* GFTitleLabel.swift */; };
		FC40486D23D7900400482F8D /* GFBodyLabel.swift in Sources */ = {isa = PBXBuildFile; fileRef = FC40486C23D7900400482F8D /* GFBodyLabel.swift */; };
		FC40486F23D790BC00482F8D /* GFAlertVC.swift in Sources */ = {isa = PBXBuildFile; fileRef = FC40486E23D790BC00482F8D /* GFAlertVC.swift */; };
		FC40487123D7966800482F8D /* UIViewController+Ext.swift in Sources */ = {isa = PBXBuildFile; fileRef = FC40487023D7966800482F8D /* UIViewController+Ext.swift */; };
		FCB2036223D237200094AFBE /* AppDelegate.swift in Sources */ = {isa = PBXBuildFile; fileRef = FCB2036123D237200094AFBE /* AppDelegate.swift */; };
		FCB2036423D237200094AFBE /* SceneDelegate.swift in Sources */ = {isa = PBXBuildFile; fileRef = FCB2036323D237200094AFBE /* SceneDelegate.swift */; };
		FCB2036B23D237220094AFBE /* Assets.xcassets in Resources */ = {isa = PBXBuildFile; fileRef = FCB2036A23D237220094AFBE /* Assets.xcassets */; };
		FCB2036E23D237220094AFBE /* LaunchScreen.storyboard in Resources */ = {isa = PBXBuildFile; fileRef = FCB2036C23D237220094AFBE /* LaunchScreen.storyboard */; };
		FCB2037623D23FC80094AFBE /* SearchVC.swift in Sources */ = {isa = PBXBuildFile; fileRef = FCB2037523D23FC80094AFBE /* SearchVC.swift */; };
		FCB2037823D23FF40094AFBE /* FavoritesListVC.swift in Sources */ = {isa = PBXBuildFile; fileRef = FCB2037723D23FF40094AFBE /* FavoritesListVC.swift */; };
/* End PBXBuildFile section */

/* Begin PBXFileReference section */
		FC36780323DF913900F80979 /* Follower.swift */ = {isa = PBXFileReference; lastKnownFileType = sourcecode.swift; path = Follower.swift; sourceTree = "<group>"; };
		FC36780523DF920000F80979 /* User.swift */ = {isa = PBXFileReference; lastKnownFileType = sourcecode.swift; path = User.swift; sourceTree = "<group>"; };
		FC36780823DFB74900F80979 /* NetworkManager.swift */ = {isa = PBXFileReference; lastKnownFileType = sourcecode.swift; path = NetworkManager.swift; sourceTree = "<group>"; };
		FC40486423D62E7700482F8D /* GFButton.swift */ = {isa = PBXFileReference; lastKnownFileType = sourcecode.swift; path = GFButton.swift; sourceTree = "<group>"; };
		FC40486623D631C900482F8D /* GFTextField.swift */ = {isa = PBXFileReference; lastKnownFileType = sourcecode.swift; path = GFTextField.swift; sourceTree = "<group>"; };
		FC40486823D6865000482F8D /* FollowerListVC.swift */ = {isa = PBXFileReference; lastKnownFileType = sourcecode.swift; path = FollowerListVC.swift; sourceTree = "<group>"; };
		FC40486A23D78D1E00482F8D /* GFTitleLabel.swift */ = {isa = PBXFileReference; lastKnownFileType = sourcecode.swift; path = GFTitleLabel.swift; sourceTree = "<group>"; };
		FC40486C23D7900400482F8D /* GFBodyLabel.swift */ = {isa = PBXFileReference; lastKnownFileType = sourcecode.swift; path = GFBodyLabel.swift; sourceTree = "<group>"; };
		FC40486E23D790BC00482F8D /* GFAlertVC.swift */ = {isa = PBXFileReference; lastKnownFileType = sourcecode.swift; path = GFAlertVC.swift; sourceTree = "<group>"; };
		FC40487023D7966800482F8D /* UIViewController+Ext.swift */ = {isa = PBXFileReference; lastKnownFileType = sourcecode.swift; path = "UIViewController+Ext.swift"; sourceTree = "<group>"; };
		FCB2035E23D237200094AFBE /* GHFollowers.app */ = {isa = PBXFileReference; explicitFileType = wrapper.application; includeInIndex = 0; path = GHFollowers.app; sourceTree = BUILT_PRODUCTS_DIR; };
		FCB2036123D237200094AFBE /* AppDelegate.swift */ = {isa = PBXFileReference; lastKnownFileType = sourcecode.swift; path = AppDelegate.swift; sourceTree = "<group>"; };
		FCB2036323D237200094AFBE /* SceneDelegate.swift */ = {isa = PBXFileReference; lastKnownFileType = sourcecode.swift; path = SceneDelegate.swift; sourceTree = "<group>"; };
		FCB2036A23D237220094AFBE /* Assets.xcassets */ = {isa = PBXFileReference; lastKnownFileType = folder.assetcatalog; path = Assets.xcassets; sourceTree = "<group>"; };
		FCB2036D23D237220094AFBE /* Base */ = {isa = PBXFileReference; lastKnownFileType = file.storyboard; name = Base; path = Base.lproj/LaunchScreen.storyboard; sourceTree = "<group>"; };
		FCB2036F23D237220094AFBE /* Info.plist */ = {isa = PBXFileReference; lastKnownFileType = text.plist.xml; path = Info.plist; sourceTree = "<group>"; };
		FCB2037523D23FC80094AFBE /* SearchVC.swift */ = {isa = PBXFileReference; lastKnownFileType = sourcecode.swift; path = SearchVC.swift; sourceTree = "<group>"; };
		FCB2037723D23FF40094AFBE /* FavoritesListVC.swift */ = {isa = PBXFileReference; lastKnownFileType = sourcecode.swift; path = FavoritesListVC.swift; sourceTree = "<group>"; };
/* End PBXFileReference section */

/* Begin PBXFrameworksBuildPhase section */
		FCB2035B23D237200094AFBE /* Frameworks */ = {
			isa = PBXFrameworksBuildPhase;
			buildActionMask = 2147483647;
			files = (
			);
			runOnlyForDeploymentPostprocessing = 0;
		};
/* End PBXFrameworksBuildPhase section */

/* Begin PBXGroup section */
		FC36780223DF910D00F80979 /* Model */ = {
			isa = PBXGroup;
			children = (
				FC36780323DF913900F80979 /* Follower.swift */,
				FC36780523DF920000F80979 /* User.swift */,
			);
			path = Model;
			sourceTree = "<group>";
		};
		FC36780723DFB72D00F80979 /* Managers */ = {
			isa = PBXGroup;
			children = (
				FC36780823DFB74900F80979 /* NetworkManager.swift */,
			);
			path = Managers;
			sourceTree = "<group>";
		};
		FC40487223DA313500482F8D /* Screens */ = {
			isa = PBXGroup;
			children = (
				FCB2037523D23FC80094AFBE /* SearchVC.swift */,
				FC40486823D6865000482F8D /* FollowerListVC.swift */,
				FCB2037723D23FF40094AFBE /* FavoritesListVC.swift */,
			);
			path = Screens;
			sourceTree = "<group>";
		};
		FC40487323DA316A00482F8D /* Custom Views */ = {
			isa = PBXGroup;
			children = (
				FC40486E23D790BC00482F8D /* GFAlertVC.swift */,
				FC40486423D62E7700482F8D /* GFButton.swift */,
				FC40486623D631C900482F8D /* GFTextField.swift */,
				FC40486A23D78D1E00482F8D /* GFTitleLabel.swift */,
				FC40486C23D7900400482F8D /* GFBodyLabel.swift */,
			);
			path = "Custom Views";
			sourceTree = "<group>";
		};
		FC40487423DA319900482F8D /* Extensions */ = {
			isa = PBXGroup;
			children = (
				FC40487023D7966800482F8D /* UIViewController+Ext.swift */,
			);
			path = Extensions;
			sourceTree = "<group>";
		};
		FC40487523DA31F900482F8D /* Support */ = {
			isa = PBXGroup;
			children = (
				FCB2036123D237200094AFBE /* AppDelegate.swift */,
				FCB2036323D237200094AFBE /* SceneDelegate.swift */,
				FCB2036A23D237220094AFBE /* Assets.xcassets */,
				FCB2036C23D237220094AFBE /* LaunchScreen.storyboard */,
			);
			path = Support;
			sourceTree = "<group>";
		};
		FCB2035523D237200094AFBE = {
			isa = PBXGroup;
			children = (
				FCB2036023D237200094AFBE /* GHFollowers */,
				FCB2036F23D237220094AFBE /* Info.plist */,
				FCB2035F23D237200094AFBE /* Products */,
			);
			sourceTree = "<group>";
		};
		FCB2035F23D237200094AFBE /* Products */ = {
			isa = PBXGroup;
			children = (
				FCB2035E23D237200094AFBE /* GHFollowers.app */,
			);
			name = Products;
			sourceTree = "<group>";
		};
		FCB2036023D237200094AFBE /* GHFollowers */ = {
			isa = PBXGroup;
			children = (
				FC36780723DFB72D00F80979 /* Managers */,
				FC36780223DF910D00F80979 /* Model */,
				FC40487423DA319900482F8D /* Extensions */,
				FC40487323DA316A00482F8D /* Custom Views */,
				FC40487223DA313500482F8D /* Screens */,
				FC40487523DA31F900482F8D /* Support */,
			);
			path = GHFollowers;
			sourceTree = "<group>";
		};
/* End PBXGroup section */

/* Begin PBXNativeTarget section */
		FCB2035D23D237200094AFBE /* GHFollowers */ = {
			isa = PBXNativeTarget;
			buildConfigurationList = FCB2037223D237220094AFBE /* Build configuration list for PBXNativeTarget "GHFollowers" */;
			buildPhases = (
				FCB2035A23D237200094AFBE /* Sources */,
				FCB2035B23D237200094AFBE /* Frameworks */,
				FCB2035C23D237200094AFBE /* Resources */,
			);
			buildRules = (
			);
			dependencies = (
			);
			name = GHFollowers;
			productName = GHFollowers;
			productReference = FCB2035E23D237200094AFBE /* GHFollowers.app */;
			productType = "com.apple.product-type.application";
		};
/* End PBXNativeTarget section */

/* Begin PBXProject section */
		FCB2035623D237200094AFBE /* Project object */ = {
			isa = PBXProject;
			attributes = {
				LastSwiftUpdateCheck = 1130;
				LastUpgradeCheck = 1130;
				ORGANIZATIONNAME = "Kevin Tanner";
				TargetAttributes = {
					FCB2035D23D237200094AFBE = {
						CreatedOnToolsVersion = 11.3.1;
					};
				};
			};
			buildConfigurationList = FCB2035923D237200094AFBE /* Build configuration list for PBXProject "GHFollowers" */;
			compatibilityVersion = "Xcode 9.3";
			developmentRegion = en;
			hasScannedForEncodings = 0;
			knownRegions = (
				en,
				Base,
			);
			mainGroup = FCB2035523D237200094AFBE;
			productRefGroup = FCB2035F23D237200094AFBE /* Products */;
			projectDirPath = "";
			projectRoot = "";
			targets = (
				FCB2035D23D237200094AFBE /* GHFollowers */,
			);
		};
/* End PBXProject section */

/* Begin PBXResourcesBuildPhase section */
		FCB2035C23D237200094AFBE /* Resources */ = {
			isa = PBXResourcesBuildPhase;
			buildActionMask = 2147483647;
			files = (
				FCB2036E23D237220094AFBE /* LaunchScreen.storyboard in Resources */,
				FCB2036B23D237220094AFBE /* Assets.xcassets in Resources */,
			);
			runOnlyForDeploymentPostprocessing = 0;
		};
/* End PBXResourcesBuildPhase section */

/* Begin PBXSourcesBuildPhase section */
		FCB2035A23D237200094AFBE /* Sources */ = {
			isa = PBXSourcesBuildPhase;
			buildActionMask = 2147483647;
			files = (
				FC36780623DF920000F80979 /* User.swift in Sources */,
				FC40486723D631C900482F8D /* GFTextField.swift in Sources */,
				FCB2037823D23FF40094AFBE /* FavoritesListVC.swift in Sources */,
				FC40486523D62E7700482F8D /* GFButton.swift in Sources */,
				FC40487123D7966800482F8D /* UIViewController+Ext.swift in Sources */,
				FCB2037623D23FC80094AFBE /* SearchVC.swift in Sources */,
				FC40486F23D790BC00482F8D /* GFAlertVC.swift in Sources */,
				FC40486D23D7900400482F8D /* GFBodyLabel.swift in Sources */,
				FC36780423DF913900F80979 /* Follower.swift in Sources */,
				FC40486B23D78D1E00482F8D /* GFTitleLabel.swift in Sources */,
				FC36780923DFB74900F80979 /* NetworkManager.swift in Sources */,
				FC40486923D6865000482F8D /* FollowerListVC.swift in Sources */,
				FCB2036223D237200094AFBE /* AppDelegate.swift in Sources */,
				FCB2036423D237200094AFBE /* SceneDelegate.swift in Sources */,
			);
			runOnlyForDeploymentPostprocessing = 0;
		};
/* End PBXSourcesBuildPhase section */

/* Begin PBXVariantGroup section */
		FCB2036C23D237220094AFBE /* LaunchScreen.storyboard */ = {
			isa = PBXVariantGroup;
			children = (
				FCB2036D23D237220094AFBE /* Base */,
			);
			name = LaunchScreen.storyboard;
			sourceTree = "<group>";
		};
/* End PBXVariantGroup section */

/* Begin XCBuildConfiguration section */
		FCB2037023D237220094AFBE /* Debug */ = {
			isa = XCBuildConfiguration;
			buildSettings = {
				ALWAYS_SEARCH_USER_PATHS = NO;
				CLANG_ANALYZER_NONNULL = YES;
				CLANG_ANALYZER_NUMBER_OBJECT_CONVERSION = YES_AGGRESSIVE;
				CLANG_CXX_LANGUAGE_STANDARD = "gnu++14";
				CLANG_CXX_LIBRARY = "libc++";
				CLANG_ENABLE_MODULES = YES;
				CLANG_ENABLE_OBJC_ARC = YES;
				CLANG_ENABLE_OBJC_WEAK = YES;
				CLANG_WARN_BLOCK_CAPTURE_AUTORELEASING = YES;
				CLANG_WARN_BOOL_CONVERSION = YES;
				CLANG_WARN_COMMA = YES;
				CLANG_WARN_CONSTANT_CONVERSION = YES;
				CLANG_WARN_DEPRECATED_OBJC_IMPLEMENTATIONS = YES;
				CLANG_WARN_DIRECT_OBJC_ISA_USAGE = YES_ERROR;
				CLANG_WARN_DOCUMENTATION_COMMENTS = YES;
				CLANG_WARN_EMPTY_BODY = YES;
				CLANG_WARN_ENUM_CONVERSION = YES;
				CLANG_WARN_INFINITE_RECURSION = YES;
				CLANG_WARN_INT_CONVERSION = YES;
				CLANG_WARN_NON_LITERAL_NULL_CONVERSION = YES;
				CLANG_WARN_OBJC_IMPLICIT_RETAIN_SELF = YES;
				CLANG_WARN_OBJC_LITERAL_CONVERSION = YES;
				CLANG_WARN_OBJC_ROOT_CLASS = YES_ERROR;
				CLANG_WARN_RANGE_LOOP_ANALYSIS = YES;
				CLANG_WARN_STRICT_PROTOTYPES = YES;
				CLANG_WARN_SUSPICIOUS_MOVE = YES;
				CLANG_WARN_UNGUARDED_AVAILABILITY = YES_AGGRESSIVE;
				CLANG_WARN_UNREACHABLE_CODE = YES;
				CLANG_WARN__DUPLICATE_METHOD_MATCH = YES;
				COPY_PHASE_STRIP = NO;
				DEBUG_INFORMATION_FORMAT = dwarf;
				ENABLE_STRICT_OBJC_MSGSEND = YES;
				ENABLE_TESTABILITY = YES;
				GCC_C_LANGUAGE_STANDARD = gnu11;
				GCC_DYNAMIC_NO_PIC = NO;
				GCC_NO_COMMON_BLOCKS = YES;
				GCC_OPTIMIZATION_LEVEL = 0;
				GCC_PREPROCESSOR_DEFINITIONS = (
					"DEBUG=1",
					"$(inherited)",
				);
				GCC_WARN_64_TO_32_BIT_CONVERSION = YES;
				GCC_WARN_ABOUT_RETURN_TYPE = YES_ERROR;
				GCC_WARN_UNDECLARED_SELECTOR = YES;
				GCC_WARN_UNINITIALIZED_AUTOS = YES_AGGRESSIVE;
				GCC_WARN_UNUSED_FUNCTION = YES;
				GCC_WARN_UNUSED_VARIABLE = YES;
				IPHONEOS_DEPLOYMENT_TARGET = 13.2;
				MTL_ENABLE_DEBUG_INFO = INCLUDE_SOURCE;
				MTL_FAST_MATH = YES;
				ONLY_ACTIVE_ARCH = YES;
				SDKROOT = iphoneos;
				SWIFT_ACTIVE_COMPILATION_CONDITIONS = DEBUG;
				SWIFT_OPTIMIZATION_LEVEL = "-Onone";
			};
			name = Debug;
		};
		FCB2037123D237220094AFBE /* Release */ = {
			isa = XCBuildConfiguration;
			buildSettings = {
				ALWAYS_SEARCH_USER_PATHS = NO;
				CLANG_ANALYZER_NONNULL = YES;
				CLANG_ANALYZER_NUMBER_OBJECT_CONVERSION = YES_AGGRESSIVE;
				CLANG_CXX_LANGUAGE_STANDARD = "gnu++14";
				CLANG_CXX_LIBRARY = "libc++";
				CLANG_ENABLE_MODULES = YES;
				CLANG_ENABLE_OBJC_ARC = YES;
				CLANG_ENABLE_OBJC_WEAK = YES;
				CLANG_WARN_BLOCK_CAPTURE_AUTORELEASING = YES;
				CLANG_WARN_BOOL_CONVERSION = YES;
				CLANG_WARN_COMMA = YES;
				CLANG_WARN_CONSTANT_CONVERSION = YES;
				CLANG_WARN_DEPRECATED_OBJC_IMPLEMENTATIONS = YES;
				CLANG_WARN_DIRECT_OBJC_ISA_USAGE = YES_ERROR;
				CLANG_WARN_DOCUMENTATION_COMMENTS = YES;
				CLANG_WARN_EMPTY_BODY = YES;
				CLANG_WARN_ENUM_CONVERSION = YES;
				CLANG_WARN_INFINITE_RECURSION = YES;
				CLANG_WARN_INT_CONVERSION = YES;
				CLANG_WARN_NON_LITERAL_NULL_CONVERSION = YES;
				CLANG_WARN_OBJC_IMPLICIT_RETAIN_SELF = YES;
				CLANG_WARN_OBJC_LITERAL_CONVERSION = YES;
				CLANG_WARN_OBJC_ROOT_CLASS = YES_ERROR;
				CLANG_WARN_RANGE_LOOP_ANALYSIS = YES;
				CLANG_WARN_STRICT_PROTOTYPES = YES;
				CLANG_WARN_SUSPICIOUS_MOVE = YES;
				CLANG_WARN_UNGUARDED_AVAILABILITY = YES_AGGRESSIVE;
				CLANG_WARN_UNREACHABLE_CODE = YES;
				CLANG_WARN__DUPLICATE_METHOD_MATCH = YES;
				COPY_PHASE_STRIP = NO;
				DEBUG_INFORMATION_FORMAT = "dwarf-with-dsym";
				ENABLE_NS_ASSERTIONS = NO;
				ENABLE_STRICT_OBJC_MSGSEND = YES;
				GCC_C_LANGUAGE_STANDARD = gnu11;
				GCC_NO_COMMON_BLOCKS = YES;
				GCC_WARN_64_TO_32_BIT_CONVERSION = YES;
				GCC_WARN_ABOUT_RETURN_TYPE = YES_ERROR;
				GCC_WARN_UNDECLARED_SELECTOR = YES;
				GCC_WARN_UNINITIALIZED_AUTOS = YES_AGGRESSIVE;
				GCC_WARN_UNUSED_FUNCTION = YES;
				GCC_WARN_UNUSED_VARIABLE = YES;
				IPHONEOS_DEPLOYMENT_TARGET = 13.2;
				MTL_ENABLE_DEBUG_INFO = NO;
				MTL_FAST_MATH = YES;
				SDKROOT = iphoneos;
				SWIFT_COMPILATION_MODE = wholemodule;
				SWIFT_OPTIMIZATION_LEVEL = "-O";
				VALIDATE_PRODUCT = YES;
			};
			name = Release;
		};
		FCB2037323D237220094AFBE /* Debug */ = {
			isa = XCBuildConfiguration;
			buildSettings = {
				ASSETCATALOG_COMPILER_APPICON_NAME = AppIcon;
				CODE_SIGN_STYLE = Automatic;
				DEVELOPMENT_TEAM = C39EPG5VUE;
				INFOPLIST_FILE = "$(SRCROOT)/Info.plist";
				LD_RUNPATH_SEARCH_PATHS = (
					"$(inherited)",
					"@executable_path/Frameworks",
				);
				PRODUCT_BUNDLE_IDENTIFIER = com.kevintanner.GHFollowers;
				PRODUCT_NAME = "$(TARGET_NAME)";
				SWIFT_VERSION = 5.0;
				TARGETED_DEVICE_FAMILY = 1;
			};
			name = Debug;
		};
		FCB2037423D237220094AFBE /* Release */ = {
			isa = XCBuildConfiguration;
			buildSettings = {
				ASSETCATALOG_COMPILER_APPICON_NAME = AppIcon;
				CODE_SIGN_STYLE = Automatic;
				DEVELOPMENT_TEAM = C39EPG5VUE;
				INFOPLIST_FILE = "$(SRCROOT)/Info.plist";
				LD_RUNPATH_SEARCH_PATHS = (
					"$(inherited)",
					"@executable_path/Frameworks",
				);
				PRODUCT_BUNDLE_IDENTIFIER = com.kevintanner.GHFollowers;
				PRODUCT_NAME = "$(TARGET_NAME)";
				SWIFT_VERSION = 5.0;
				TARGETED_DEVICE_FAMILY = 1;
			};
			name = Release;
		};
/* End XCBuildConfiguration section */

/* Begin XCConfigurationList section */
		FCB2035923D237200094AFBE /* Build configuration list for PBXProject "GHFollowers" */ = {
			isa = XCConfigurationList;
			buildConfigurations = (
				FCB2037023D237220094AFBE /* Debug */,
				FCB2037123D237220094AFBE /* Release */,
			);
			defaultConfigurationIsVisible = 0;
			defaultConfigurationName = Release;
		};
		FCB2037223D237220094AFBE /* Build configuration list for PBXNativeTarget "GHFollowers" */ = {
			isa = XCConfigurationList;
			buildConfigurations = (
				FCB2037323D237220094AFBE /* Debug */,
				FCB2037423D237220094AFBE /* Release */,
			);
			defaultConfigurationIsVisible = 0;
			defaultConfigurationName = Release;
		};
/* End XCConfigurationList section */
	};
	rootObject = FCB2035623D237200094AFBE /* Project object */;
}
